{
  "originHash" : "81135900151644384ff279fec73018dc1462f0ba769b62387639fc7bafad6944",
  "pins" : [
    {
      "identity" : "faissmobile",
      "kind" : "remoteSourceControl",
      "location" : "https://github.com/jkrukowski/FaissMobile",
      "state" : {
        "revision" : "9d5b9925305eea9398cc92ce4a8e51c8a4b043af",
        "version" : "0.0.1"
      }
    },
    {
      "identity" : "swiftfaiss",
      "kind" : "remoteSourceControl",
      "location" : "https://github.com/impel-intelligence/SwiftFaiss",
      "state" : {
        "revision" : "eb5072e4ab267203b99cadc447396f07712c8f41",
        "version" : "0.2.0"
      }
    }
  ],
  "version" : 3
}
