{
  "originHash" : "c4edd6b470f0d2f6d2c71ce6b094865d9aae3f032eeb45ed13e69c61ad4b8b01",
  "pins" : [
    {
      "identity" : "grdb.swift",
      "kind" : "remoteSourceControl",
      "location" : "https://github.com/groue/GRDB.swift",
      "state" : {
        "revision" : "9ed8c8457e00ff9c7aedb3bf213f20a2cfdf509e",
        "version" : "7.11.0"
      }
    },
    {
      "identity" : "swiftfaiss",
      "kind" : "remoteSourceControl",
      "location" : "https://github.com/impel-intelligence/SwiftFaiss",
      "state" : {
        "revision" : "4e3fae6f7b4bddf279892d5025bbd9424f0a920f",
        "version" : "0.3.0"
      }
    }
  ],
  "version" : 3
}
